
Microsoft Visual Studio Solution File, Format Version 12.00
# Visual Studio Version 17
VisualStudioVersion = 17.14.37516.0 d17.14
MinimumVisualStudioVersion = 10.0.40219.1
Project("{FAE04EC0-301F-11D3-BF4B-00C04F79EFBC}") = "diabot", "diabot.csproj", "{B359273B-EC40-4166-8F83-59C961F8AE64}"
EndProject
Global
	GlobalSection(SolutionConfigurationPlatforms) = preSolution
		Debug|Any CPU = Debug|Any CPU
		Release|Any CPU = Release|Any CPU
	EndGlobalSection
	GlobalSection(ProjectConfigurationPlatforms) = postSolution
		{B359273B-EC40-4166-8F83-59C961F8AE64}.Debug|Any CPU.ActiveCfg = Debug|Any CPU
		{B359273B-EC40-4166-8F83-59C961F8AE64}.Debug|Any CPU.Build.0 = Debug|Any CPU
		{B359273B-EC40-4166-8F83-59C961F8AE64}.Release|Any CPU.ActiveCfg = Release|Any CPU
		{B359273B-EC40-4166-8F83-59C961F8AE64}.Release|Any CPU.Build.0 = Release|Any CPU
	EndGlobalSection
	GlobalSection(SolutionProperties) = preSolution
		HideSolutionNode = FALSE
	EndGlobalSection
	GlobalSection(ExtensibilityGlobals) = postSolution
		SolutionGuid = {23CC0562-2007-4F0B-82CC-926869F2EA63}
	EndGlobalSection
EndGlobal
